
Microsoft Visual Studio Solution File, Format Version 12.00
# Visual Studio Version 17
VisualStudioVersion = 17.5.002.0
MinimumVisualStudioVersion = 10.0.40219.1
Project("{9A19103F-16F7-4668-BE54-9A1E7A4F7556}") = "Memoteca", "Memoteca.csproj", "{8ECF82C0-5E94-4095-9AE8-EA1F9A2DA262}"
EndProject
Global
	GlobalSection(SolutionConfigurationPlatforms) = preSolution
		Debug|Any CPU = Debug|Any CPU
		Release|Any CPU = Release|Any CPU
	EndGlobalSection
	GlobalSection(ProjectConfigurationPlatforms) = postSolution
		{8ECF82C0-5E94-4095-9AE8-EA1F9A2DA262}.Debug|Any CPU.ActiveCfg = Debug|Any CPU
		{8ECF82C0-5E94-4095-9AE8-EA1F9A2DA262}.Debug|Any CPU.Build.0 = Debug|Any CPU
		{8ECF82C0-5E94-4095-9AE8-EA1F9A2DA262}.Release|Any CPU.ActiveCfg = Release|Any CPU
		{8ECF82C0-5E94-4095-9AE8-EA1F9A2DA262}.Release|Any CPU.Build.0 = Release|Any CPU
	EndGlobalSection
	GlobalSection(SolutionProperties) = preSolution
		HideSolutionNode = FALSE
	EndGlobalSection
	GlobalSection(ExtensibilityGlobals) = postSolution
		SolutionGuid = {8293FD9B-F71A-4447-87D6-9A250F3653B4}
	EndGlobalSection
EndGlobal
